
Microsoft Visual Studio Solution File, Format Version 12.00
# Visual Studio Version 16
VisualStudioVersion = 16.0.31911.196
MinimumVisualStudioVersion = 10.0.40219.1
Project("{9A19103F-16F7-4668-BE54-9A1E7A4F7556}") = "ChuckNorrisExcercise", "ChuckNorrisExcercise.csproj", "{1A88DFAD-35AE-4BDB-BCB9-20D8F98D8290}"
EndProject
Global
	GlobalSection(SolutionConfigurationPlatforms) = preSolution
		Debug|Any CPU = Debug|Any CPU
		Release|Any CPU = Release|Any CPU
	EndGlobalSection
	GlobalSection(ProjectConfigurationPlatforms) = postSolution
		{1A88DFAD-35AE-4BDB-BCB9-20D8F98D8290}.Debug|Any CPU.ActiveCfg = Debug|Any CPU
		{1A88DFAD-35AE-4BDB-BCB9-20D8F98D8290}.Debug|Any CPU.Build.0 = Debug|Any CPU
		{1A88DFAD-35AE-4BDB-BCB9-20D8F98D8290}.Release|Any CPU.ActiveCfg = Release|Any CPU
		{1A88DFAD-35AE-4BDB-BCB9-20D8F98D8290}.Release|Any CPU.Build.0 = Release|Any CPU
	EndGlobalSection
	GlobalSection(SolutionProperties) = preSolution
		HideSolutionNode = FALSE
	EndGlobalSection
	GlobalSection(ExtensibilityGlobals) = postSolution
		SolutionGuid = {FE7EA0A2-6A9D-4865-B8F2-121DE1227A54}
	EndGlobalSection
EndGlobal
